github.com/a-h/templ v0.3.1001 h1:yHDTgexACdJttyiyamcTHXr2QkIeVF1MukLy44EAhMY=
github.com/a-h/templ v0.3.1001/go.mod h1:oCZcnKRf5jjsGpf2yELzQfodLphd2mwecwG4Crk5HBo=
github.com/dimmerz92/go-icons v0.64.0 h1:Rm0b94z6Tf0zzTgbOWxZBkrcjMzRxd41th4q4Oh/Sf0=
github.com/dimmerz92/go-icons v0.64.0/go.mod h1:WacmH1Q8HqzO58omATEQ/1PuZ7X5wGIpV9cuiNQu5eQ=
